
Microsoft Visual Studio Solution File, Format Version 12.00
# Visual Studio Version 16
VisualStudioVersion = 16.0.29728.190
MinimumVisualStudioVersion = 10.0.40219.1
Project("{9A19103F-16F7-4668-BE54-9A1E7A4F7556}") = "dotnetcore", "dotnetcore.csproj", "{11E7BF36-5B29-45D9-A59E-BBA0228D10B0}"
EndProject
Global
	GlobalSection(SolutionConfigurationPlatforms) = preSolution
		Debug|Any CPU = Debug|Any CPU
		Debug|x86 = Debug|x86
		Release|Any CPU = Release|Any CPU
		Release|x86 = Release|x86
	EndGlobalSection
	GlobalSection(ProjectConfigurationPlatforms) = postSolution
		{11E7BF36-5B29-45D9-A59E-BBA0228D10B0}.Debug|Any CPU.ActiveCfg = Debug|Any CPU
		{11E7BF36-5B29-45D9-A59E-BBA0228D10B0}.Debug|Any CPU.Build.0 = Debug|Any CPU
		{11E7BF36-5B29-45D9-A59E-BBA0228D10B0}.Debug|x86.ActiveCfg = Debug|Any CPU
		{11E7BF36-5B29-45D9-A59E-BBA0228D10B0}.Debug|x86.Build.0 = Debug|Any CPU
		{11E7BF36-5B29-45D9-A59E-BBA0228D10B0}.Release|Any CPU.ActiveCfg = Release|Any CPU
		{11E7BF36-5B29-45D9-A59E-BBA0228D10B0}.Release|Any CPU.Build.0 = Release|Any CPU
		{11E7BF36-5B29-45D9-A59E-BBA0228D10B0}.Release|x86.ActiveCfg = Release|Any CPU
		{11E7BF36-5B29-45D9-A59E-BBA0228D10B0}.Release|x86.Build.0 = Release|Any CPU
	EndGlobalSection
	GlobalSection(SolutionProperties) = preSolution
		HideSolutionNode = FALSE
	EndGlobalSection
	GlobalSection(ExtensibilityGlobals) = postSolution
		SolutionGuid = {DDFB4F19-B761-4FE3-8758-6C1063278BCB}
	EndGlobalSection
EndGlobal
